
Microsoft Visual Studio Solution File, Format Version 12.00
# Visual Studio Version 17
VisualStudioVersion = 17.11.35312.102
MinimumVisualStudioVersion = 10.0.40219.1
Project("{FAE04EC0-301F-11D3-BF4B-00C04F79EFBC}") = "PharmacyManagementProject", "PharmacyManagementProject\PharmacyManagementProject.csproj", "{F227F6E6-70AA-40B5-8CDF-BD86F643BF08}"
EndProject
Global
	GlobalSection(SolutionConfigurationPlatforms) = preSolution
		Debug|Any CPU = Debug|Any CPU
		Release|Any CPU = Release|Any CPU
	EndGlobalSection
	GlobalSection(ProjectConfigurationPlatforms) = postSolution
		{F227F6E6-70AA-40B5-8CDF-BD86F643BF08}.Debug|Any CPU.ActiveCfg = Debug|Any CPU
		{F227F6E6-70AA-40B5-8CDF-BD86F643BF08}.Debug|Any CPU.Build.0 = Debug|Any CPU
		{F227F6E6-70AA-40B5-8CDF-BD86F643BF08}.Release|Any CPU.ActiveCfg = Release|Any CPU
		{F227F6E6-70AA-40B5-8CDF-BD86F643BF08}.Release|Any CPU.Build.0 = Release|Any CPU
	EndGlobalSection
	GlobalSection(SolutionProperties) = preSolution
		HideSolutionNode = FALSE
	EndGlobalSection
	GlobalSection(ExtensibilityGlobals) = postSolution
		SolutionGuid = {33BE1098-1777-448B-BAF3-19353F576BD1}
	EndGlobalSection
EndGlobal
